
Microsoft Visual Studio Solution File, Format Version 12.00
# Visual Studio Version 17
VisualStudioVersion = 17.1.32210.238
MinimumVisualStudioVersion = 10.0.40219.1
Project("{FAE04EC0-301F-11D3-BF4B-00C04F79EFBC}") = "PassengerShipingCo", "PassengerShipingCo\PassengerShipingCo.csproj", "{EF4C8678-EB00-48FF-AD33-981653D053CE}"
EndProject
Global
	GlobalSection(SolutionConfigurationPlatforms) = preSolution
		Debug|Any CPU = Debug|Any CPU
		Release|Any CPU = Release|Any CPU
	EndGlobalSection
	GlobalSection(ProjectConfigurationPlatforms) = postSolution
		{EF4C8678-EB00-48FF-AD33-981653D053CE}.Debug|Any CPU.ActiveCfg = Debug|Any CPU
		{EF4C8678-EB00-48FF-AD33-981653D053CE}.Debug|Any CPU.Build.0 = Debug|Any CPU
		{EF4C8678-EB00-48FF-AD33-981653D053CE}.Release|Any CPU.ActiveCfg = Release|Any CPU
		{EF4C8678-EB00-48FF-AD33-981653D053CE}.Release|Any CPU.Build.0 = Release|Any CPU
	EndGlobalSection
	GlobalSection(SolutionProperties) = preSolution
		HideSolutionNode = FALSE
	EndGlobalSection
	GlobalSection(ExtensibilityGlobals) = postSolution
		SolutionGuid = {BAF5E863-BB6C-427A-BFAD-090F7ED0BEC5}
	EndGlobalSection
EndGlobal
